
Microsoft Visual Studio Solution File, Format Version 12.00
# Visual Studio Version 17
VisualStudioVersion = 17.4.33213.308
MinimumVisualStudioVersion = 10.0.40219.1
Project("{FAE04EC0-301F-11D3-BF4B-00C04F79EFBC}") = "V4DepInjThreadsMem562", "V4DepInjThreadsMem562.csproj", "{98B57215-1EE8-4729-86DA-8CD9660A42AD}"
EndProject
Global
	GlobalSection(SolutionConfigurationPlatforms) = preSolution
		Debug|Any CPU = Debug|Any CPU
		Release|Any CPU = Release|Any CPU
	EndGlobalSection
	GlobalSection(ProjectConfigurationPlatforms) = postSolution
		{98B57215-1EE8-4729-86DA-8CD9660A42AD}.Debug|Any CPU.ActiveCfg = Debug|Any CPU
		{98B57215-1EE8-4729-86DA-8CD9660A42AD}.Debug|Any CPU.Build.0 = Debug|Any CPU
		{98B57215-1EE8-4729-86DA-8CD9660A42AD}.Release|Any CPU.ActiveCfg = Release|Any CPU
		{98B57215-1EE8-4729-86DA-8CD9660A42AD}.Release|Any CPU.Build.0 = Release|Any CPU
	EndGlobalSection
	GlobalSection(SolutionProperties) = preSolution
		HideSolutionNode = FALSE
	EndGlobalSection
	GlobalSection(ExtensibilityGlobals) = postSolution
		SolutionGuid = {0B212D04-8880-4889-9EF9-BD7DABC3C3CE}
	EndGlobalSection
EndGlobal
